
Microsoft Visual Studio Solution File, Format Version 12.00
# Visual Studio Version 17
VisualStudioVersion = 17.14.36616.10
MinimumVisualStudioVersion = 10.0.40219.1
Project("{FAE04EC0-301F-11D3-BF4B-00C04F79EFBC}") = "SuporteSpeed.API", "SuporteSpeed.API\SuporteSpeed.API.csproj", "{F5862B8B-ECD4-4F17-9753-2883F104DAC5}"
EndProject
Project("{FAE04EC0-301F-11D3-BF4B-00C04F79EFBC}") = "SuporteSpeed.Blazor.Server.UI", "SuporteSpeed.Blazor.Server.UI\SuporteSpeed.Blazor.Server.UI.csproj", "{E5648F1C-BC6A-43F9-92C7-E584E9E47853}"
EndProject
Global
	GlobalSection(SolutionConfigurationPlatforms) = preSolution
		Debug|Any CPU = Debug|Any CPU
		Release|Any CPU = Release|Any CPU
	EndGlobalSection
	GlobalSection(ProjectConfigurationPlatforms) = postSolution
		{F5862B8B-ECD4-4F17-9753-2883F104DAC5}.Debug|Any CPU.ActiveCfg = Debug|Any CPU
		{F5862B8B-ECD4-4F17-9753-2883F104DAC5}.Debug|Any CPU.Build.0 = Debug|Any CPU
		{F5862B8B-ECD4-4F17-9753-2883F104DAC5}.Release|Any CPU.ActiveCfg = Release|Any CPU
		{F5862B8B-ECD4-4F17-9753-2883F104DAC5}.Release|Any CPU.Build.0 = Release|Any CPU
		{E5648F1C-BC6A-43F9-92C7-E584E9E47853}.Debug|Any CPU.ActiveCfg = Debug|Any CPU
		{E5648F1C-BC6A-43F9-92C7-E584E9E47853}.Debug|Any CPU.Build.0 = Debug|Any CPU
		{E5648F1C-BC6A-43F9-92C7-E584E9E47853}.Release|Any CPU.ActiveCfg = Release|Any CPU
		{E5648F1C-BC6A-43F9-92C7-E584E9E47853}.Release|Any CPU.Build.0 = Release|Any CPU
	EndGlobalSection
	GlobalSection(SolutionProperties) = preSolution
		HideSolutionNode = FALSE
	EndGlobalSection
	GlobalSection(ExtensibilityGlobals) = postSolution
		SolutionGuid = {14932582-91A2-46AC-B352-ABECFE1EAD49}
	EndGlobalSection
EndGlobal
